
Microsoft Visual Studio Solution File, Format Version 12.00
# Visual Studio Version 17
VisualStudioVersion = 17.2.32616.157
MinimumVisualStudioVersion = 10.0.40219.1
Project("{FAE04EC0-301F-11D3-BF4B-00C04F79EFBC}") = "Task_1", "Task_1\Task_1.csproj", "{2ADC1354-0C88-45FF-AEEB-3A1712A0CB82}"
EndProject
Project("{FAE04EC0-301F-11D3-BF4B-00C04F79EFBC}") = "Task_2", "Task_2\Task_2.csproj", "{A3D280F5-0D7A-49CC-B1A8-1769857A58E8}"
EndProject
Project("{FAE04EC0-301F-11D3-BF4B-00C04F79EFBC}") = "Task_3", "Task_3\Task_3.csproj", "{765FBE75-A489-42AC-9ECC-1DA9D1585EA2}"
EndProject
Global
	GlobalSection(SolutionConfigurationPlatforms) = preSolution
		Debug|Any CPU = Debug|Any CPU
		Release|Any CPU = Release|Any CPU
	EndGlobalSection
	GlobalSection(ProjectConfigurationPlatforms) = postSolution
		{2ADC1354-0C88-45FF-AEEB-3A1712A0CB82}.Debug|Any CPU.ActiveCfg = Debug|Any CPU
		{2ADC1354-0C88-45FF-AEEB-3A1712A0CB82}.Debug|Any CPU.Build.0 = Debug|Any CPU
		{2ADC1354-0C88-45FF-AEEB-3A1712A0CB82}.Release|Any CPU.ActiveCfg = Release|Any CPU
		{2ADC1354-0C88-45FF-AEEB-3A1712A0CB82}.Release|Any CPU.Build.0 = Release|Any CPU
		{A3D280F5-0D7A-49CC-B1A8-1769857A58E8}.Debug|Any CPU.ActiveCfg = Debug|Any CPU
		{A3D280F5-0D7A-49CC-B1A8-1769857A58E8}.Debug|Any CPU.Build.0 = Debug|Any CPU
		{A3D280F5-0D7A-49CC-B1A8-1769857A58E8}.Release|Any CPU.ActiveCfg = Release|Any CPU
		{A3D280F5-0D7A-49CC-B1A8-1769857A58E8}.Release|Any CPU.Build.0 = Release|Any CPU
		{765FBE75-A489-42AC-9ECC-1DA9D1585EA2}.Debug|Any CPU.ActiveCfg = Debug|Any CPU
		{765FBE75-A489-42AC-9ECC-1DA9D1585EA2}.Debug|Any CPU.Build.0 = Debug|Any CPU
		{765FBE75-A489-42AC-9ECC-1DA9D1585EA2}.Release|Any CPU.ActiveCfg = Release|Any CPU
		{765FBE75-A489-42AC-9ECC-1DA9D1585EA2}.Release|Any CPU.Build.0 = Release|Any CPU
	EndGlobalSection
	GlobalSection(SolutionProperties) = preSolution
		HideSolutionNode = FALSE
	EndGlobalSection
	GlobalSection(ExtensibilityGlobals) = postSolution
		SolutionGuid = {37A143E1-D480-4792-8BE7-97B26DB14714}
	EndGlobalSection
EndGlobal
